
Microsoft Visual Studio Solution File, Format Version 12.00
# Visual Studio Version 17
VisualStudioVersion = 17.4.33103.184
MinimumVisualStudioVersion = 10.0.40219.1
Project("{FAE04EC0-301F-11D3-BF4B-00C04F79EFBC}") = "Empal", "Empal.csproj", "{AAB936DD-26A9-49EC-85F5-FB6877C4AF2B}"
EndProject
Global
	GlobalSection(SolutionConfigurationPlatforms) = preSolution
		Debug|Any CPU = Debug|Any CPU
		Release|Any CPU = Release|Any CPU
	EndGlobalSection
	GlobalSection(ProjectConfigurationPlatforms) = postSolution
		{AAB936DD-26A9-49EC-85F5-FB6877C4AF2B}.Debug|Any CPU.ActiveCfg = Debug|Any CPU
		{AAB936DD-26A9-49EC-85F5-FB6877C4AF2B}.Debug|Any CPU.Build.0 = Debug|Any CPU
		{AAB936DD-26A9-49EC-85F5-FB6877C4AF2B}.Release|Any CPU.ActiveCfg = Release|Any CPU
		{AAB936DD-26A9-49EC-85F5-FB6877C4AF2B}.Release|Any CPU.Build.0 = Release|Any CPU
	EndGlobalSection
	GlobalSection(SolutionProperties) = preSolution
		HideSolutionNode = FALSE
	EndGlobalSection
	GlobalSection(ExtensibilityGlobals) = postSolution
		SolutionGuid = {ED6BCE2B-85BD-4389-9CBD-E0440CBCF3D8}
	EndGlobalSection
EndGlobal
